
Microsoft Visual Studio Solution File, Format Version 12.00
# Visual Studio Version 17
VisualStudioVersion = 17.5.002.0
MinimumVisualStudioVersion = 10.0.40219.1
Project("{9A19103F-16F7-4668-BE54-9A1E7A4F7556}") = "TinyAdventure", "TinyAdventure.csproj", "{A56D3C8C-3D7B-4CD4-931E-1BE36EAAD27A}"
EndProject
Global
	GlobalSection(SolutionConfigurationPlatforms) = preSolution
		Debug|Any CPU = Debug|Any CPU
		Release|Any CPU = Release|Any CPU
	EndGlobalSection
	GlobalSection(ProjectConfigurationPlatforms) = postSolution
		{A56D3C8C-3D7B-4CD4-931E-1BE36EAAD27A}.Debug|Any CPU.ActiveCfg = Debug|Any CPU
		{A56D3C8C-3D7B-4CD4-931E-1BE36EAAD27A}.Debug|Any CPU.Build.0 = Debug|Any CPU
		{A56D3C8C-3D7B-4CD4-931E-1BE36EAAD27A}.Release|Any CPU.ActiveCfg = Release|Any CPU
		{A56D3C8C-3D7B-4CD4-931E-1BE36EAAD27A}.Release|Any CPU.Build.0 = Release|Any CPU
	EndGlobalSection
	GlobalSection(SolutionProperties) = preSolution
		HideSolutionNode = FALSE
	EndGlobalSection
	GlobalSection(ExtensibilityGlobals) = postSolution
		SolutionGuid = {5AE82E89-785B-4696-BC8A-6C797F5DE9E4}
	EndGlobalSection
EndGlobal
